
Microsoft Visual Studio Solution File, Format Version 12.00
# Visual Studio Version 16
VisualStudioVersion = 16.0.30204.135
MinimumVisualStudioVersion = 10.0.40219.1
Project("{FAE04EC0-301F-11D3-BF4B-00C04F79EFBC}") = "MaybeType", "MaybeType\MaybeType.csproj", "{37AFB5D5-4E4B-4D38-BE53-6AF32D2FBABB}"
EndProject
Project("{FAE04EC0-301F-11D3-BF4B-00C04F79EFBC}") = "MaybeType.Tests", "MaybeType.Tests\MaybeType.Tests.csproj", "{5B5AA4A6-CE27-437B-A2F0-9A29C9DE1F2F}"
EndProject
Global
	GlobalSection(SolutionConfigurationPlatforms) = preSolution
		Debug|Any CPU = Debug|Any CPU
		Release|Any CPU = Release|Any CPU
	EndGlobalSection
	GlobalSection(ProjectConfigurationPlatforms) = postSolution
		{37AFB5D5-4E4B-4D38-BE53-6AF32D2FBABB}.Debug|Any CPU.ActiveCfg = Debug|Any CPU
		{37AFB5D5-4E4B-4D38-BE53-6AF32D2FBABB}.Debug|Any CPU.Build.0 = Debug|Any CPU
		{37AFB5D5-4E4B-4D38-BE53-6AF32D2FBABB}.Release|Any CPU.ActiveCfg = Release|Any CPU
		{37AFB5D5-4E4B-4D38-BE53-6AF32D2FBABB}.Release|Any CPU.Build.0 = Release|Any CPU
		{5B5AA4A6-CE27-437B-A2F0-9A29C9DE1F2F}.Debug|Any CPU.ActiveCfg = Debug|Any CPU
		{5B5AA4A6-CE27-437B-A2F0-9A29C9DE1F2F}.Debug|Any CPU.Build.0 = Debug|Any CPU
		{5B5AA4A6-CE27-437B-A2F0-9A29C9DE1F2F}.Release|Any CPU.ActiveCfg = Release|Any CPU
		{5B5AA4A6-CE27-437B-A2F0-9A29C9DE1F2F}.Release|Any CPU.Build.0 = Release|Any CPU
	EndGlobalSection
	GlobalSection(SolutionProperties) = preSolution
		HideSolutionNode = FALSE
	EndGlobalSection
	GlobalSection(ExtensibilityGlobals) = postSolution
		SolutionGuid = {C2E1963E-84CF-495A-9C06-80DB9F88F79C}
	EndGlobalSection
EndGlobal
